// !$*UTF8*$!
{
	archiveVersion = 1;
	classes = {
	};
	objectVersion = 56;
	objects = {

/* Begin PBXBuildFile section */
		6510D6382C1AB9A4000D194D /* HomeViewModel.swift in Sources */ = {isa = PBXBuildFile; fileRef = 6510D6372C1AB9A4000D194D /* HomeViewModel.swift */; };
		6510D63A2C1ACDA4000D194D /* TodaysTasksViewModel.swift in Sources */ = {isa = PBXBuildFile; fileRef = 6510D6392C1ACDA4000D194D /* TodaysTasksViewModel.swift */; };
		6510D63C2C1AD84A000D194D /* TasksViewModel.swift in Sources */ = {isa = PBXBuildFile; fileRef = 6510D63B2C1AD84A000D194D /* TasksViewModel.swift */; };
		6510D63E2C1AD9A2000D194D /* CreateTasksViewModel.swift in Sources */ = {isa = PBXBuildFile; fileRef = 6510D63D2C1AD9A2000D194D /* CreateTasksViewModel.swift */; };
		6510D6402C1ADD7B000D194D /* CalendarViewModel.swift in Sources */ = {isa = PBXBuildFile; fileRef = 6510D63F2C1ADD7B000D194D /* CalendarViewModel.swift */; };
		6510D6442C1AE8F6000D194D /* SmallTaskCardViewModel.swift in Sources */ = {isa = PBXBuildFile; fileRef = 6510D6432C1AE8F6000D194D /* SmallTaskCardViewModel.swift */; };
		65161D842C1B14C0007D1DAB /* LargeTaskCardViewModel.swift in Sources */ = {isa = PBXBuildFile; fileRef = 65161D832C1B14C0007D1DAB /* LargeTaskCardViewModel.swift */; };
		65161D862C1B2495007D1DAB /* SetTimeViewModel.swift in Sources */ = {isa = PBXBuildFile; fileRef = 65161D852C1B2495007D1DAB /* SetTimeViewModel.swift */; };
		653317EE2C15CA3100740298 /* HomeView.swift in Sources */ = {isa = PBXBuildFile; fileRef = 653317ED2C15CA3100740298 /* HomeView.swift */; };
		653317F02C15E0E000740298 /* WelcomeView.swift in Sources */ = {isa = PBXBuildFile; fileRef = 653317EF2C15E0E000740298 /* WelcomeView.swift */; };
		6548FE742C16999A009E36E4 /* Image+Ext.swift in Sources */ = {isa = PBXBuildFile; fileRef = 6548FE732C16999A009E36E4 /* Image+Ext.swift */; };
		6548FE792C169C91009E36E4 /* View+Ext.swift in Sources */ = {isa = PBXBuildFile; fileRef = 6548FE782C169C91009E36E4 /* View+Ext.swift */; };
		6568F6D62C1BC67400855A26 /* Date+Ext.swift in Sources */ = {isa = PBXBuildFile; fileRef = 6568F6D52C1BC67400855A26 /* Date+Ext.swift */; };
		6568F6D82C1BC69A00855A26 /* AccountViewModel.swift in Sources */ = {isa = PBXBuildFile; fileRef = 6568F6D72C1BC69A00855A26 /* AccountViewModel.swift */; };
		657C15332C15816900BA2A09 /* TaskNest_Task_Manager_SwiftUIApp.swift in Sources */ = {isa = PBXBuildFile; fileRef = 657C15322C15816900BA2A09 /* TaskNest_Task_Manager_SwiftUIApp.swift */; };
		657C15352C15816900BA2A09 /* ContentView.swift in Sources */ = {isa = PBXBuildFile; fileRef = 657C15342C15816900BA2A09 /* ContentView.swift */; };
		657C15372C15816900BA2A09 /* Assets.xcassets in Resources */ = {isa = PBXBuildFile; fileRef = 657C15362C15816900BA2A09 /* Assets.xcassets */; };
		657C153B2C15816900BA2A09 /* Preview Assets.xcassets in Resources */ = {isa = PBXBuildFile; fileRef = 657C153A2C15816900BA2A09 /* Preview Assets.xcassets */; };
		657C15422C158CC200BA2A09 /* Color+Ext.swift in Sources */ = {isa = PBXBuildFile; fileRef = 657C15412C158CC200BA2A09 /* Color+Ext.swift */; };
		65A678B92C1AF455006562A0 /* SmallTaskCard.swift in Sources */ = {isa = PBXBuildFile; fileRef = 65A678B82C1AF455006562A0 /* SmallTaskCard.swift */; };
		65B1E6962C18705600DDC69C /* DateUtils.swift in Sources */ = {isa = PBXBuildFile; fileRef = 65B1E6952C18705600DDC69C /* DateUtils.swift */; };
		65B1E6982C1874F700DDC69C /* SetTime.swift in Sources */ = {isa = PBXBuildFile; fileRef = 65B1E6972C1874F700DDC69C /* SetTime.swift */; };
		65B1E69C2C18BD0800DDC69C /* TodaysTasksView.swift in Sources */ = {isa = PBXBuildFile; fileRef = 65B1E69B2C18BD0800DDC69C /* TodaysTasksView.swift */; };
		65E109FA2C1AB5E000270B82 /* AccountView.swift in Sources */ = {isa = PBXBuildFile; fileRef = 65E109F92C1AB5E000270B82 /* AccountView.swift */; };
		65F1BF942C15FD1700A405EB /* TaskNestTabView.swift in Sources */ = {isa = PBXBuildFile; fileRef = 65F1BF932C15FD1700A405EB /* TaskNestTabView.swift */; };
		65F1BF9A2C15FFDC00A405EB /* CalendarView.swift in Sources */ = {isa = PBXBuildFile; fileRef = 65F1BF992C15FFDC00A405EB /* CalendarView.swift */; };
		65F1BF9D2C16004C00A405EB /* CreateTaskView.swift in Sources */ = {isa = PBXBuildFile; fileRef = 65F1BF9C2C16004C00A405EB /* CreateTaskView.swift */; };
		65F984172C1719790008524A /* LargeTaskCard.swift in Sources */ = {isa = PBXBuildFile; fileRef = 65F984162C1719790008524A /* LargeTaskCard.swift */; };
		65F9841A2C173B200008524A /* TaskNest.swift in Sources */ = {isa = PBXBuildFile; fileRef = 65F984192C173B200008524A /* TaskNest.swift */; };
		65F9841E2C174EEF0008524A /* TasksView.swift in Sources */ = {isa = PBXBuildFile; fileRef = 65F9841D2C174EEF0008524A /* TasksView.swift */; };
/* End PBXBuildFile section */

/* Begin PBXFileReference section */
		6510D6372C1AB9A4000D194D /* HomeViewModel.swift */ = {isa = PBXFileReference; lastKnownFileType = sourcecode.swift; path = HomeViewModel.swift; sourceTree = "<group>"; };
		6510D6392C1ACDA4000D194D /* TodaysTasksViewModel.swift */ = {isa = PBXFileReference; lastKnownFileType = sourcecode.swift; path = TodaysTasksViewModel.swift; sourceTree = "<group>"; };
		6510D63B2C1AD84A000D194D /* TasksViewModel.swift */ = {isa = PBXFileReference; lastKnownFileType = sourcecode.swift; path = TasksViewModel.swift; sourceTree = "<group>"; };
		6510D63D2C1AD9A2000D194D /* CreateTasksViewModel.swift */ = {isa = PBXFileReference; lastKnownFileType = sourcecode.swift; path = CreateTasksViewModel.swift; sourceTree = "<group>"; };
		6510D63F2C1ADD7B000D194D /* CalendarViewModel.swift */ = {isa = PBXFileReference; lastKnownFileType = sourcecode.swift; path = CalendarViewModel.swift; sourceTree = "<group>"; };
		6510D6432C1AE8F6000D194D /* SmallTaskCardViewModel.swift */ = {isa = PBXFileReference; lastKnownFileType = sourcecode.swift; path = SmallTaskCardViewModel.swift; sourceTree = "<group>"; };
		65161D832C1B14C0007D1DAB /* LargeTaskCardViewModel.swift */ = {isa = PBXFileReference; lastKnownFileType = sourcecode.swift; path = LargeTaskCardViewModel.swift; sourceTree = "<group>"; };
		65161D852C1B2495007D1DAB /* SetTimeViewModel.swift */ = {isa = PBXFileReference; lastKnownFileType = sourcecode.swift; path = SetTimeViewModel.swift; sourceTree = "<group>"; };
		653317ED2C15CA3100740298 /* HomeView.swift */ = {isa = PBXFileReference; lastKnownFileType = sourcecode.swift; path = HomeView.swift; sourceTree = "<group>"; };
		653317EF2C15E0E000740298 /* WelcomeView.swift */ = {isa = PBXFileReference; lastKnownFileType = sourcecode.swift; path = WelcomeView.swift; sourceTree = "<group>"; };
		6548FE732C16999A009E36E4 /* Image+Ext.swift */ = {isa = PBXFileReference; lastKnownFileType = sourcecode.swift; path = "Image+Ext.swift"; sourceTree = "<group>"; };
		6548FE782C169C91009E36E4 /* View+Ext.swift */ = {isa = PBXFileReference; lastKnownFileType = sourcecode.swift; path = "View+Ext.swift"; sourceTree = "<group>"; };
		6568F6D52C1BC67400855A26 /* Date+Ext.swift */ = {isa = PBXFileReference; lastKnownFileType = sourcecode.swift; path = "Date+Ext.swift"; sourceTree = "<group>"; };
		6568F6D72C1BC69A00855A26 /* AccountViewModel.swift */ = {isa = PBXFileReference; lastKnownFileType = sourcecode.swift; path = AccountViewModel.swift; sourceTree = "<group>"; };
		657C152F2C15816900BA2A09 /* TaskNest-Task-Manager-SwiftUI.app */ = {isa = PBXFileReference; explicitFileType = wrapper.application; includeInIndex = 0; path = "TaskNest-Task-Manager-SwiftUI.app"; sourceTree = BUILT_PRODUCTS_DIR; };
		657C15322C15816900BA2A09 /* TaskNest_Task_Manager_SwiftUIApp.swift */ = {isa = PBXFileReference; lastKnownFileType = sourcecode.swift; path = TaskNest_Task_Manager_SwiftUIApp.swift; sourceTree = "<group>"; };
		657C15342C15816900BA2A09 /* ContentView.swift */ = {isa = PBXFileReference; lastKnownFileType = sourcecode.swift; path = ContentView.swift; sourceTree = "<group>"; };
		657C15362C15816900BA2A09 /* Assets.xcassets */ = {isa = PBXFileReference; lastKnownFileType = folder.assetcatalog; path = Assets.xcassets; sourceTree = "<group>"; };
		657C15382C15816900BA2A09 /* TaskNest_Task_Manager_SwiftUI.entitlements */ = {isa = PBXFileReference; lastKnownFileType = text.plist.entitlements; path = TaskNest_Task_Manager_SwiftUI.entitlements; sourceTree = "<group>"; };
		657C153A2C15816900BA2A09 /* Preview Assets.xcassets */ = {isa = PBXFileReference; lastKnownFileType = folder.assetcatalog; path = "Preview Assets.xcassets"; sourceTree = "<group>"; };
		657C15412C158CC200BA2A09 /* Color+Ext.swift */ = {isa = PBXFileReference; lastKnownFileType = sourcecode.swift; path = "Color+Ext.swift"; sourceTree = "<group>"; };
		65A678B82C1AF455006562A0 /* SmallTaskCard.swift */ = {isa = PBXFileReference; lastKnownFileType = sourcecode.swift; path = SmallTaskCard.swift; sourceTree = "<group>"; };
		65B1E6952C18705600DDC69C /* DateUtils.swift */ = {isa = PBXFileReference; lastKnownFileType = sourcecode.swift; path = DateUtils.swift; sourceTree = "<group>"; };
		65B1E6972C1874F700DDC69C /* SetTime.swift */ = {isa = PBXFileReference; lastKnownFileType = sourcecode.swift; path = SetTime.swift; sourceTree = "<group>"; };
		65B1E69B2C18BD0800DDC69C /* TodaysTasksView.swift */ = {isa = PBXFileReference; lastKnownFileType = sourcecode.swift; path = TodaysTasksView.swift; sourceTree = "<group>"; };
		65E109F92C1AB5E000270B82 /* AccountView.swift */ = {isa = PBXFileReference; lastKnownFileType = sourcecode.swift; path = AccountView.swift; sourceTree = "<group>"; };
		65F1BF932C15FD1700A405EB /* TaskNestTabView.swift */ = {isa = PBXFileReference; lastKnownFileType = sourcecode.swift; path = TaskNestTabView.swift; sourceTree = "<group>"; };
		65F1BF992C15FFDC00A405EB /* CalendarView.swift */ = {isa = PBXFileReference; lastKnownFileType = sourcecode.swift; path = CalendarView.swift; sourceTree = "<group>"; };
		65F1BF9C2C16004C00A405EB /* CreateTaskView.swift */ = {isa = PBXFileReference; lastKnownFileType = sourcecode.swift; path = CreateTaskView.swift; sourceTree = "<group>"; };
		65F984162C1719790008524A /* LargeTaskCard.swift */ = {isa = PBXFileReference; lastKnownFileType = sourcecode.swift; path = LargeTaskCard.swift; sourceTree = "<group>"; };
		65F984192C173B200008524A /* TaskNest.swift */ = {isa = PBXFileReference; lastKnownFileType = sourcecode.swift; path = TaskNest.swift; sourceTree = "<group>"; };
		65F9841D2C174EEF0008524A /* TasksView.swift */ = {isa = PBXFileReference; lastKnownFileType = sourcecode.swift; path = TasksView.swift; sourceTree = "<group>"; };
/* End PBXFileReference section */

/* Begin PBXFrameworksBuildPhase section */
		657C152C2C15816900BA2A09 /* Frameworks */ = {
			isa = PBXFrameworksBuildPhase;
			buildActionMask = 2147483647;
			files = (
			);
			runOnlyForDeploymentPostprocessing = 0;
		};
/* End PBXFrameworksBuildPhase section */

/* Begin PBXGroup section */
		6510D6412C1AE4EE000D194D /* SmallTaskCard */ = {
			isa = PBXGroup;
			children = (
				65A678B82C1AF455006562A0 /* SmallTaskCard.swift */,
				6510D6432C1AE8F6000D194D /* SmallTaskCardViewModel.swift */,
			);
			path = SmallTaskCard;
			sourceTree = "<group>";
		};
		6510D6422C1AE4FF000D194D /* LargeTaskCard */ = {
			isa = PBXGroup;
			children = (
				65F984162C1719790008524A /* LargeTaskCard.swift */,
				65161D832C1B14C0007D1DAB /* LargeTaskCardViewModel.swift */,
			);
			path = LargeTaskCard;
			sourceTree = "<group>";
		};
		6533FB002C15F99B00F9C829 /* Screens */ = {
			isa = PBXGroup;
			children = (
				65F1BF932C15FD1700A405EB /* TaskNestTabView.swift */,
				65E109F62C1AB41000270B82 /* WelcomeView */,
				65F1BF912C15FC9600A405EB /* HomeView */,
				65B1E69A2C18BCCD00DDC69C /* Today'sTasksView */,
				65F9841C2C174ECA0008524A /* TasksView */,
				65F1BF9B2C16001400A405EB /* CreateTaskView */,
				65F1BF982C15FF4200A405EB /* CalendarView */,
				65F1BF952C15FE0400A405EB /* AccountView */,
			);
			path = Screens;
			sourceTree = "<group>";
		};
		6548FE752C169B44009E36E4 /* Views */ = {
			isa = PBXGroup;
			children = (
				6548FE7A2C16A5D5009E36E4 /* Cards */,
				65B1E6992C1874FC00DDC69C /* SetTime */,
			);
			path = Views;
			sourceTree = "<group>";
		};
		6548FE7A2C16A5D5009E36E4 /* Cards */ = {
			isa = PBXGroup;
			children = (
				6510D6412C1AE4EE000D194D /* SmallTaskCard */,
				6510D6422C1AE4FF000D194D /* LargeTaskCard */,
			);
			path = Cards;
			sourceTree = "<group>";
		};
		657C15262C15816900BA2A09 = {
			isa = PBXGroup;
			children = (
				657C15312C15816900BA2A09 /* TaskNest-Task-Manager-SwiftUI */,
				657C15302C15816900BA2A09 /* Products */,
			);
			sourceTree = "<group>";
		};
		657C15302C15816900BA2A09 /* Products */ = {
			isa = PBXGroup;
			children = (
				657C152F2C15816900BA2A09 /* TaskNest-Task-Manager-SwiftUI.app */,
			);
			name = Products;
			sourceTree = "<group>";
		};
		657C15312C15816900BA2A09 /* TaskNest-Task-Manager-SwiftUI */ = {
			isa = PBXGroup;
			children = (
				65F9841B2C174C8A0008524A /* Utilities */,
				65F984182C173B090008524A /* Models */,
				6548FE752C169B44009E36E4 /* Views */,
				6533FB002C15F99B00F9C829 /* Screens */,
				657C15322C15816900BA2A09 /* TaskNest_Task_Manager_SwiftUIApp.swift */,
				657C15342C15816900BA2A09 /* ContentView.swift */,
				657C15362C15816900BA2A09 /* Assets.xcassets */,
				657C15382C15816900BA2A09 /* TaskNest_Task_Manager_SwiftUI.entitlements */,
				657C15392C15816900BA2A09 /* Preview Content */,
			);
			path = "TaskNest-Task-Manager-SwiftUI";
			sourceTree = "<group>";
		};
		657C15392C15816900BA2A09 /* Preview Content */ = {
			isa = PBXGroup;
			children = (
				657C153A2C15816900BA2A09 /* Preview Assets.xcassets */,
			);
			path = "Preview Content";
			sourceTree = "<group>";
		};
		65B1E6942C186FF400DDC69C /* Date */ = {
			isa = PBXGroup;
			children = (
				65B1E6952C18705600DDC69C /* DateUtils.swift */,
			);
			path = Date;
			sourceTree = "<group>";
		};
		65B1E6992C1874FC00DDC69C /* SetTime */ = {
			isa = PBXGroup;
			children = (
				65B1E6972C1874F700DDC69C /* SetTime.swift */,
				65161D852C1B2495007D1DAB /* SetTimeViewModel.swift */,
			);
			path = SetTime;
			sourceTree = "<group>";
		};
		65B1E69A2C18BCCD00DDC69C /* Today'sTasksView */ = {
			isa = PBXGroup;
			children = (
				65B1E69B2C18BD0800DDC69C /* TodaysTasksView.swift */,
				6510D6392C1ACDA4000D194D /* TodaysTasksViewModel.swift */,
			);
			path = "Today'sTasksView";
			sourceTree = "<group>";
		};
		65E109F62C1AB41000270B82 /* WelcomeView */ = {
			isa = PBXGroup;
			children = (
				653317EF2C15E0E000740298 /* WelcomeView.swift */,
			);
			path = WelcomeView;
			sourceTree = "<group>";
		};
		65F1BF902C15FA3700A405EB /* Extenstions */ = {
			isa = PBXGroup;
			children = (
				657C15412C158CC200BA2A09 /* Color+Ext.swift */,
				6548FE732C16999A009E36E4 /* Image+Ext.swift */,
				6548FE782C169C91009E36E4 /* View+Ext.swift */,
				6568F6D52C1BC67400855A26 /* Date+Ext.swift */,
			);
			path = Extenstions;
			sourceTree = "<group>";
		};
		65F1BF912C15FC9600A405EB /* HomeView */ = {
			isa = PBXGroup;
			children = (
				653317ED2C15CA3100740298 /* HomeView.swift */,
				6510D6372C1AB9A4000D194D /* HomeViewModel.swift */,
			);
			path = HomeView;
			sourceTree = "<group>";
		};
		65F1BF952C15FE0400A405EB /* AccountView */ = {
			isa = PBXGroup;
			children = (
				65E109F92C1AB5E000270B82 /* AccountView.swift */,
				6568F6D72C1BC69A00855A26 /* AccountViewModel.swift */,
			);
			path = AccountView;
			sourceTree = "<group>";
		};
		65F1BF982C15FF4200A405EB /* CalendarView */ = {
			isa = PBXGroup;
			children = (
				65F1BF992C15FFDC00A405EB /* CalendarView.swift */,
				6510D63F2C1ADD7B000D194D /* CalendarViewModel.swift */,
			);
			path = CalendarView;
			sourceTree = "<group>";
		};
		65F1BF9B2C16001400A405EB /* CreateTaskView */ = {
			isa = PBXGroup;
			children = (
				65F1BF9C2C16004C00A405EB /* CreateTaskView.swift */,
				6510D63D2C1AD9A2000D194D /* CreateTasksViewModel.swift */,
			);
			path = CreateTaskView;
			sourceTree = "<group>";
		};
		65F984182C173B090008524A /* Models */ = {
			isa = PBXGroup;
			children = (
				65F984192C173B200008524A /* TaskNest.swift */,
			);
			path = Models;
			sourceTree = "<group>";
		};
		65F9841B2C174C8A0008524A /* Utilities */ = {
			isa = PBXGroup;
			children = (
				65F1BF902C15FA3700A405EB /* Extenstions */,
				65B1E6942C186FF400DDC69C /* Date */,
			);
			path = Utilities;
			sourceTree = "<group>";
		};
		65F9841C2C174ECA0008524A /* TasksView */ = {
			isa = PBXGroup;
			children = (
				65F9841D2C174EEF0008524A /* TasksView.swift */,
				6510D63B2C1AD84A000D194D /* TasksViewModel.swift */,
			);
			path = TasksView;
			sourceTree = "<group>";
		};
/* End PBXGroup section */

/* Begin PBXNativeTarget section */
		657C152E2C15816900BA2A09 /* TaskNest-Task-Manager-SwiftUI */ = {
			isa = PBXNativeTarget;
			buildConfigurationList = 657C153E2C15816900BA2A09 /* Build configuration list for PBXNativeTarget "TaskNest-Task-Manager-SwiftUI" */;
			buildPhases = (
				657C152B2C15816900BA2A09 /* Sources */,
				657C152C2C15816900BA2A09 /* Frameworks */,
				657C152D2C15816900BA2A09 /* Resources */,
			);
			buildRules = (
			);
			dependencies = (
			);
			name = "TaskNest-Task-Manager-SwiftUI";
			productName = "TaskNest-Task-Manager-SwiftUI";
			productReference = 657C152F2C15816900BA2A09 /* TaskNest-Task-Manager-SwiftUI.app */;
			productType = "com.apple.product-type.application";
		};
/* End PBXNativeTarget section */

/* Begin PBXProject section */
		657C15272C15816900BA2A09 /* Project object */ = {
			isa = PBXProject;
			attributes = {
				BuildIndependentTargetsInParallel = 1;
				LastSwiftUpdateCheck = 1540;
				LastUpgradeCheck = 1540;
				TargetAttributes = {
					657C152E2C15816900BA2A09 = {
						CreatedOnToolsVersion = 15.4;
					};
				};
			};
			buildConfigurationList = 657C152A2C15816900BA2A09 /* Build configuration list for PBXProject "TaskNest-Task-Manager-SwiftUI" */;
			compatibilityVersion = "Xcode 14.0";
			developmentRegion = en;
			hasScannedForEncodings = 0;
			knownRegions = (
				en,
				Base,
			);
			mainGroup = 657C15262C15816900BA2A09;
			productRefGroup = 657C15302C15816900BA2A09 /* Products */;
			projectDirPath = "";
			projectRoot = "";
			targets = (
				657C152E2C15816900BA2A09 /* TaskNest-Task-Manager-SwiftUI */,
			);
		};
/* End PBXProject section */

/* Begin PBXResourcesBuildPhase section */
		657C152D2C15816900BA2A09 /* Resources */ = {
			isa = PBXResourcesBuildPhase;
			buildActionMask = 2147483647;
			files = (
				657C153B2C15816900BA2A09 /* Preview Assets.xcassets in Resources */,
				657C15372C15816900BA2A09 /* Assets.xcassets in Resources */,
			);
			runOnlyForDeploymentPostprocessing = 0;
		};
/* End PBXResourcesBuildPhase section */

/* Begin PBXSourcesBuildPhase section */
		657C152B2C15816900BA2A09 /* Sources */ = {
			isa = PBXSourcesBuildPhase;
			buildActionMask = 2147483647;
			files = (
				6568F6D62C1BC67400855A26 /* Date+Ext.swift in Sources */,
				6510D6382C1AB9A4000D194D /* HomeViewModel.swift in Sources */,
				65B1E6962C18705600DDC69C /* DateUtils.swift in Sources */,
				65161D862C1B2495007D1DAB /* SetTimeViewModel.swift in Sources */,
				6548FE792C169C91009E36E4 /* View+Ext.swift in Sources */,
				6548FE742C16999A009E36E4 /* Image+Ext.swift in Sources */,
				65F9841E2C174EEF0008524A /* TasksView.swift in Sources */,
				6510D6402C1ADD7B000D194D /* CalendarViewModel.swift in Sources */,
				65B1E6982C1874F700DDC69C /* SetTime.swift in Sources */,
				65F9841A2C173B200008524A /* TaskNest.swift in Sources */,
				65E109FA2C1AB5E000270B82 /* AccountView.swift in Sources */,
				6510D6442C1AE8F6000D194D /* SmallTaskCardViewModel.swift in Sources */,
				653317EE2C15CA3100740298 /* HomeView.swift in Sources */,
				6510D63E2C1AD9A2000D194D /* CreateTasksViewModel.swift in Sources */,
				65A678B92C1AF455006562A0 /* SmallTaskCard.swift in Sources */,
				65F984172C1719790008524A /* LargeTaskCard.swift in Sources */,
				65F1BF9D2C16004C00A405EB /* CreateTaskView.swift in Sources */,
				65F1BF9A2C15FFDC00A405EB /* CalendarView.swift in Sources */,
				657C15352C15816900BA2A09 /* ContentView.swift in Sources */,
				65161D842C1B14C0007D1DAB /* LargeTaskCardViewModel.swift in Sources */,
				653317F02C15E0E000740298 /* WelcomeView.swift in Sources */,
				6510D63A2C1ACDA4000D194D /* TodaysTasksViewModel.swift in Sources */,
				6568F6D82C1BC69A00855A26 /* AccountViewModel.swift in Sources */,
				6510D63C2C1AD84A000D194D /* TasksViewModel.swift in Sources */,
				657C15332C15816900BA2A09 /* TaskNest_Task_Manager_SwiftUIApp.swift in Sources */,
				65B1E69C2C18BD0800DDC69C /* TodaysTasksView.swift in Sources */,
				657C15422C158CC200BA2A09 /* Color+Ext.swift in Sources */,
				65F1BF942C15FD1700A405EB /* TaskNestTabView.swift in Sources */,
			);
			runOnlyForDeploymentPostprocessing = 0;
		};
/* End PBXSourcesBuildPhase section */

/* Begin XCBuildConfiguration section */
		657C153C2C15816900BA2A09 /* Debug */ = {
			isa = XCBuildConfiguration;
			buildSettings = {
				ALWAYS_SEARCH_USER_PATHS = NO;
				ASSETCATALOG_COMPILER_GENERATE_SWIFT_ASSET_SYMBOL_EXTENSIONS = YES;
				CLANG_ANALYZER_NONNULL = YES;
				CLANG_ANALYZER_NUMBER_OBJECT_CONVERSION = YES_AGGRESSIVE;
				CLANG_CXX_LANGUAGE_STANDARD = "gnu++20";
				CLANG_ENABLE_MODULES = YES;
				CLANG_ENABLE_OBJC_ARC = YES;
				CLANG_ENABLE_OBJC_WEAK = YES;
				CLANG_WARN_BLOCK_CAPTURE_AUTORELEASING = YES;
				CLANG_WARN_BOOL_CONVERSION = YES;
				CLANG_WARN_COMMA = YES;
				CLANG_WARN_CONSTANT_CONVERSION = YES;
				CLANG_WARN_DEPRECATED_OBJC_IMPLEMENTATIONS = YES;
				CLANG_WARN_DIRECT_OBJC_ISA_USAGE = YES_ERROR;
				CLANG_WARN_DOCUMENTATION_COMMENTS = YES;
				CLANG_WARN_EMPTY_BODY = YES;
				CLANG_WARN_ENUM_CONVERSION = YES;
				CLANG_WARN_INFINITE_RECURSION = YES;
				CLANG_WARN_INT_CONVERSION = YES;
				CLANG_WARN_NON_LITERAL_NULL_CONVERSION = YES;
				CLANG_WARN_OBJC_IMPLICIT_RETAIN_SELF = YES;
				CLANG_WARN_OBJC_LITERAL_CONVERSION = YES;
				CLANG_WARN_OBJC_ROOT_CLASS = YES_ERROR;
				CLANG_WARN_QUOTED_INCLUDE_IN_FRAMEWORK_HEADER = YES;
				CLANG_WARN_RANGE_LOOP_ANALYSIS = YES;
				CLANG_WARN_STRICT_PROTOTYPES = YES;
				CLANG_WARN_SUSPICIOUS_MOVE = YES;
				CLANG_WARN_UNGUARDED_AVAILABILITY = YES_AGGRESSIVE;
				CLANG_WARN_UNREACHABLE_CODE = YES;
				CLANG_WARN__DUPLICATE_METHOD_MATCH = YES;
				COPY_PHASE_STRIP = NO;
				DEBUG_INFORMATION_FORMAT = dwarf;
				ENABLE_STRICT_OBJC_MSGSEND = YES;
				ENABLE_TESTABILITY = YES;
				ENABLE_USER_SCRIPT_SANDBOXING = YES;
				GCC_C_LANGUAGE_STANDARD = gnu17;
				GCC_DYNAMIC_NO_PIC = NO;
				GCC_NO_COMMON_BLOCKS = YES;
				GCC_OPTIMIZATION_LEVEL = 0;
				GCC_PREPROCESSOR_DEFINITIONS = (
					"DEBUG=1",
					"$(inherited)",
				);
				GCC_WARN_64_TO_32_BIT_CONVERSION = YES;
				GCC_WARN_ABOUT_RETURN_TYPE = YES_ERROR;
				GCC_WARN_UNDECLARED_SELECTOR = YES;
				GCC_WARN_UNINITIALIZED_AUTOS = YES_AGGRESSIVE;
				GCC_WARN_UNUSED_FUNCTION = YES;
				GCC_WARN_UNUSED_VARIABLE = YES;
				LOCALIZATION_PREFERS_STRING_CATALOGS = YES;
				MTL_ENABLE_DEBUG_INFO = INCLUDE_SOURCE;
				MTL_FAST_MATH = YES;
				ONLY_ACTIVE_ARCH = YES;
				SWIFT_ACTIVE_COMPILATION_CONDITIONS = "DEBUG $(inherited)";
				SWIFT_OPTIMIZATION_LEVEL = "-Onone";
			};
			name = Debug;
		};
		657C153D2C15816900BA2A09 /* Release */ = {
			isa = XCBuildConfiguration;
			buildSettings = {
				ALWAYS_SEARCH_USER_PATHS = NO;
				ASSETCATALOG_COMPILER_GENERATE_SWIFT_ASSET_SYMBOL_EXTENSIONS = YES;
				CLANG_ANALYZER_NONNULL = YES;
				CLANG_ANALYZER_NUMBER_OBJECT_CONVERSION = YES_AGGRESSIVE;
				CLANG_CXX_LANGUAGE_STANDARD = "gnu++20";
				CLANG_ENABLE_MODULES = YES;
				CLANG_ENABLE_OBJC_ARC = YES;
				CLANG_ENABLE_OBJC_WEAK = YES;
				CLANG_WARN_BLOCK_CAPTURE_AUTORELEASING = YES;
				CLANG_WARN_BOOL_CONVERSION = YES;
				CLANG_WARN_COMMA = YES;
				CLANG_WARN_CONSTANT_CONVERSION = YES;
				CLANG_WARN_DEPRECATED_OBJC_IMPLEMENTATIONS = YES;
				CLANG_WARN_DIRECT_OBJC_ISA_USAGE = YES_ERROR;
				CLANG_WARN_DOCUMENTATION_COMMENTS = YES;
				CLANG_WARN_EMPTY_BODY = YES;
				CLANG_WARN_ENUM_CONVERSION = YES;
				CLANG_WARN_INFINITE_RECURSION = YES;
				CLANG_WARN_INT_CONVERSION = YES;
				CLANG_WARN_NON_LITERAL_NULL_CONVERSION = YES;
				CLANG_WARN_OBJC_IMPLICIT_RETAIN_SELF = YES;
				CLANG_WARN_OBJC_LITERAL_CONVERSION = YES;
				CLANG_WARN_OBJC_ROOT_CLASS = YES_ERROR;
				CLANG_WARN_QUOTED_INCLUDE_IN_FRAMEWORK_HEADER = YES;
				CLANG_WARN_RANGE_LOOP_ANALYSIS = YES;
				CLANG_WARN_STRICT_PROTOTYPES = YES;
				CLANG_WARN_SUSPICIOUS_MOVE = YES;
				CLANG_WARN_UNGUARDED_AVAILABILITY = YES_AGGRESSIVE;
				CLANG_WARN_UNREACHABLE_CODE = YES;
				CLANG_WARN__DUPLICATE_METHOD_MATCH = YES;
				COPY_PHASE_STRIP = NO;
				DEBUG_INFORMATION_FORMAT = "dwarf-with-dsym";
				ENABLE_NS_ASSERTIONS = NO;
				ENABLE_STRICT_OBJC_MSGSEND = YES;
				ENABLE_USER_SCRIPT_SANDBOXING = YES;
				GCC_C_LANGUAGE_STANDARD = gnu17;
				GCC_NO_COMMON_BLOCKS = YES;
				GCC_WARN_64_TO_32_BIT_CONVERSION = YES;
				GCC_WARN_ABOUT_RETURN_TYPE = YES_ERROR;
				GCC_WARN_UNDECLARED_SELECTOR = YES;
				GCC_WARN_UNINITIALIZED_AUTOS = YES_AGGRESSIVE;
				GCC_WARN_UNUSED_FUNCTION = YES;
				GCC_WARN_UNUSED_VARIABLE = YES;
				LOCALIZATION_PREFERS_STRING_CATALOGS = YES;
				MTL_ENABLE_DEBUG_INFO = NO;
				MTL_FAST_MATH = YES;
				SWIFT_COMPILATION_MODE = wholemodule;
			};
			name = Release;
		};
		657C153F2C15816900BA2A09 /* Debug */ = {
			isa = XCBuildConfiguration;
			buildSettings = {
				ASSETCATALOG_COMPILER_APPICON_NAME = AppIcon;
				ASSETCATALOG_COMPILER_GLOBAL_ACCENT_COLOR_NAME = AccentColor;
				CODE_SIGN_ENTITLEMENTS = "TaskNest-Task-Manager-SwiftUI/TaskNest_Task_Manager_SwiftUI.entitlements";
				CODE_SIGN_STYLE = Automatic;
				CURRENT_PROJECT_VERSION = 1;
				DEVELOPMENT_ASSET_PATHS = "\"TaskNest-Task-Manager-SwiftUI/Preview Content\"";
				DEVELOPMENT_TEAM = RVN28P56HP;
				ENABLE_HARDENED_RUNTIME = YES;
				ENABLE_PREVIEWS = YES;
				GENERATE_INFOPLIST_FILE = YES;
				"INFOPLIST_KEY_UIApplicationSceneManifest_Generation[sdk=iphoneos*]" = YES;
				"INFOPLIST_KEY_UIApplicationSceneManifest_Generation[sdk=iphonesimulator*]" = YES;
				"INFOPLIST_KEY_UIApplicationSupportsIndirectInputEvents[sdk=iphoneos*]" = YES;
				"INFOPLIST_KEY_UIApplicationSupportsIndirectInputEvents[sdk=iphonesimulator*]" = YES;
				"INFOPLIST_KEY_UILaunchScreen_Generation[sdk=iphoneos*]" = YES;
				"INFOPLIST_KEY_UILaunchScreen_Generation[sdk=iphonesimulator*]" = YES;
				"INFOPLIST_KEY_UIStatusBarStyle[sdk=iphoneos*]" = UIStatusBarStyleDefault;
				"INFOPLIST_KEY_UIStatusBarStyle[sdk=iphonesimulator*]" = UIStatusBarStyleDefault;
				INFOPLIST_KEY_UISupportedInterfaceOrientations_iPad = "UIInterfaceOrientationPortrait UIInterfaceOrientationPortraitUpsideDown UIInterfaceOrientationLandscapeLeft UIInterfaceOrientationLandscapeRight";
				INFOPLIST_KEY_UISupportedInterfaceOrientations_iPhone = "UIInterfaceOrientationPortrait UIInterfaceOrientationLandscapeLeft UIInterfaceOrientationLandscapeRight";
				IPHONEOS_DEPLOYMENT_TARGET = 17.5;
				LD_RUNPATH_SEARCH_PATHS = "@executable_path/Frameworks";
				"LD_RUNPATH_SEARCH_PATHS[sdk=macosx*]" = "@executable_path/../Frameworks";
				MACOSX_DEPLOYMENT_TARGET = 14.5;
				MARKETING_VERSION = 1.0;
				PRODUCT_BUNDLE_IDENTIFIER = "com.akbarekaputra01.TaskNest-Task-Manager-SwiftUI";
				PRODUCT_NAME = "$(TARGET_NAME)";
				SDKROOT = auto;
				SUPPORTED_PLATFORMS = "iphoneos iphonesimulator macosx";
				SWIFT_EMIT_LOC_STRINGS = YES;
				SWIFT_VERSION = 5.0;
				TARGETED_DEVICE_FAMILY = "1,2";
			};
			name = Debug;
		};
		657C15402C15816900BA2A09 /* Release */ = {
			isa = XCBuildConfiguration;
			buildSettings = {
				ASSETCATALOG_COMPILER_APPICON_NAME = AppIcon;
				ASSETCATALOG_COMPILER_GLOBAL_ACCENT_COLOR_NAME = AccentColor;
				CODE_SIGN_ENTITLEMENTS = "TaskNest-Task-Manager-SwiftUI/TaskNest_Task_Manager_SwiftUI.entitlements";
				CODE_SIGN_STYLE = Automatic;
				CURRENT_PROJECT_VERSION = 1;
				DEVELOPMENT_ASSET_PATHS = "\"TaskNest-Task-Manager-SwiftUI/Preview Content\"";
				DEVELOPMENT_TEAM = RVN28P56HP;
				ENABLE_HARDENED_RUNTIME = YES;
				ENABLE_PREVIEWS = YES;
				GENERATE_INFOPLIST_FILE = YES;
				"INFOPLIST_KEY_UIApplicationSceneManifest_Generation[sdk=iphoneos*]" = YES;
				"INFOPLIST_KEY_UIApplicationSceneManifest_Generation[sdk=iphonesimulator*]" = YES;
				"INFOPLIST_KEY_UIApplicationSupportsIndirectInputEvents[sdk=iphoneos*]" = YES;
				"INFOPLIST_KEY_UIApplicationSupportsIndirectInputEvents[sdk=iphonesimulator*]" = YES;
				"INFOPLIST_KEY_UILaunchScreen_Generation[sdk=iphoneos*]" = YES;
				"INFOPLIST_KEY_UILaunchScreen_Generation[sdk=iphonesimulator*]" = YES;
				"INFOPLIST_KEY_UIStatusBarStyle[sdk=iphoneos*]" = UIStatusBarStyleDefault;
				"INFOPLIST_KEY_UIStatusBarStyle[sdk=iphonesimulator*]" = UIStatusBarStyleDefault;
				INFOPLIST_KEY_UISupportedInterfaceOrientations_iPad = "UIInterfaceOrientationPortrait UIInterfaceOrientationPortraitUpsideDown UIInterfaceOrientationLandscapeLeft UIInterfaceOrientationLandscapeRight";
				INFOPLIST_KEY_UISupportedInterfaceOrientations_iPhone = "UIInterfaceOrientationPortrait UIInterfaceOrientationLandscapeLeft UIInterfaceOrientationLandscapeRight";
				IPHONEOS_DEPLOYMENT_TARGET = 17.5;
				LD_RUNPATH_SEARCH_PATHS = "@executable_path/Frameworks";
				"LD_RUNPATH_SEARCH_PATHS[sdk=macosx*]" = "@executable_path/../Frameworks";
				MACOSX_DEPLOYMENT_TARGET = 14.5;
				MARKETING_VERSION = 1.0;
				PRODUCT_BUNDLE_IDENTIFIER = "com.akbarekaputra01.TaskNest-Task-Manager-SwiftUI";
				PRODUCT_NAME = "$(TARGET_NAME)";
				SDKROOT = auto;
				SUPPORTED_PLATFORMS = "iphoneos iphonesimulator macosx";
				SWIFT_EMIT_LOC_STRINGS = YES;
				SWIFT_VERSION = 5.0;
				TARGETED_DEVICE_FAMILY = "1,2";
			};
			name = Release;
		};
/* End XCBuildConfiguration section */

/* Begin XCConfigurationList section */
		657C152A2C15816900BA2A09 /* Build configuration list for PBXProject "TaskNest-Task-Manager-SwiftUI" */ = {
			isa = XCConfigurationList;
			buildConfigurations = (
				657C153C2C15816900BA2A09 /* Debug */,
				657C153D2C15816900BA2A09 /* Release */,
			);
			defaultConfigurationIsVisible = 0;
			defaultConfigurationName = Release;
		};
		657C153E2C15816900BA2A09 /* Build configuration list for PBXNativeTarget "TaskNest-Task-Manager-SwiftUI" */ = {
			isa = XCConfigurationList;
			buildConfigurations = (
				657C153F2C15816900BA2A09 /* Debug */,
				657C15402C15816900BA2A09 /* Release */,
			);
			defaultConfigurationIsVisible = 0;
			defaultConfigurationName = Release;
		};
/* End XCConfigurationList section */
	};
	rootObject = 657C15272C15816900BA2A09 /* Project object */;
}
